github.com/alitto/pond v1.8.3 h1:ydIqygCLVPqIX/USe5EaV/aSRXTRXDEI9JwuDdu+/xs=
github.com/alitto/pond v1.8.3/go.mod h1:CmvIIGd5jKLasGI3D87qDkQxjzChdKMmnXMg3fG6M6Q=
github.com/alitto/pond v1.9.2 h1:9Qb75z/scEZVCoSU+osVmQ0I0JOeLfdTDafrbcJ8CLs=
github.com/alitto/pond v1.9.2/go.mod h1:xQn3P/sHTYcU/1BR3i86IGIrilcrGC2LiS+E2+CJWsI=
github.com/drhodes/golorem v0.0.0-20220328165741-da82e5b29246 h1:m0+1paUpmLlBpUxldAEvJZVCrNQpt2iyecCw4TdHdOc=
github.com/drhodes/golorem v0.0.0-20220328165741-da82e5b29246/go.mod h1:NsKVpF4h4j13Vm6Cx7Kf0V03aJKjfaStvm5rvK4+FyQ=
gopkg.in/check.v1 v0.0.0-20161208181325-20d25e280405 h1:yhCVgyC4o1eVCa2tZl7eS0r+SDo693bJlVdllGtEeKM=
gopkg.in/check.v1 v0.0.0-20161208181325-20d25e280405/go.mod h1:Co6ibVJAznAaIkqp8huTwlJQCZ016jof/cbN4VW5Yz0=
gopkg.in/yaml.v3 v3.0.1 h1:fxVm/GzAzEWqLHuvctI91KS9hhNmmWOoWu0XTYJS7CA=
gopkg.in/yaml.v3 v3.0.1/go.mod h1:K4uyk7z7BCEPqu6E+C64Yfv1cQ7kz7rIZviUmN+EgEM=
